<?xml version="1.0" encoding="UTF-8"?>
<Project ToolsVersion="14.0" xmlns="http://schemas.microsoft.com/developer/msbuild/2003">
  <ItemGroup>
    <ClCompile Include="D:\Users\mpg7287\bullet3-2.83.6\src\LinearMath\btAlignedAllocator.cpp">
      <Filter>Source Files</Filter>
    </ClCompile>
    <ClCompile Include="D:\Users\mpg7287\bullet3-2.83.6\src\LinearMath\btConvexHull.cpp">
      <Filter>Source Files</Filter>
    </ClCompile>
    <ClCompile Include="D:\Users\mpg7287\bullet3-2.83.6\src\LinearMath\btConvexHullComputer.cpp">
      <Filter>Source Files</Filter>
    </ClCompile>
    <ClCompile Include="D:\Users\mpg7287\bullet3-2.83.6\src\LinearMath\btGeometryUtil.cpp">
      <Filter>Source Files</Filter>
    </ClCompile>
    <ClCompile Include="D:\Users\mpg7287\bullet3-2.83.6\src\LinearMath\btPolarDecomposition.cpp">
      <Filter>Source Files</Filter>
    </ClCompile>
    <ClCompile Include="D:\Users\mpg7287\bullet3-2.83.6\src\LinearMath\btQuickprof.cpp">
      <Filter>Source Files</Filter>
    </ClCompile>
    <ClCompile Include="D:\Users\mpg7287\bullet3-2.83.6\src\LinearMath\btSerializer.cpp">
      <Filter>Source Files</Filter>
    </ClCompile>
    <ClCompile Include="D:\Users\mpg7287\bullet3-2.83.6\src\LinearMath\btVector3.cpp">
      <Filter>Source Files</Filter>
    </ClCompile>
  </ItemGroup>
  <ItemGroup>
    <ClInclude Include="D:\Users\mpg7287\bullet3-2.83.6\src\LinearMath\btAabbUtil2.h">
      <Filter>Header Files</Filter>
    </ClInclude>
    <ClInclude Include="D:\Users\mpg7287\bullet3-2.83.6\src\LinearMath\btAlignedAllocator.h">
      <Filter>Header Files</Filter>
    </ClInclude>
    <ClInclude Include="D:\Users\mpg7287\bullet3-2.83.6\src\LinearMath\btAlignedObjectArray.h">
      <Filter>Header Files</Filter>
    </ClInclude>
    <ClInclude Include="D:\Users\mpg7287\bullet3-2.83.6\src\LinearMath\btConvexHull.h">
      <Filter>Header Files</Filter>
    </ClInclude>
    <ClInclude Include="D:\Users\mpg7287\bullet3-2.83.6\src\LinearMath\btConvexHullComputer.h">
      <Filter>Header Files</Filter>
    </ClInclude>
    <ClInclude Include="D:\Users\mpg7287\bullet3-2.83.6\src\LinearMath\btDefaultMotionState.h">
      <Filter>Header Files</Filter>
    </ClInclude>
    <ClInclude Include="D:\Users\mpg7287\bullet3-2.83.6\src\LinearMath\btGeometryUtil.h">
      <Filter>Header Files</Filter>
    </ClInclude>
    <ClInclude Include="D:\Users\mpg7287\bullet3-2.83.6\src\LinearMath\btGrahamScan2dConvexHull.h">
      <Filter>Header Files</Filter>
    </ClInclude>
    <ClInclude Include="D:\Users\mpg7287\bullet3-2.83.6\src\LinearMath\btHashMap.h">
      <Filter>Header Files</Filter>
    </ClInclude>
    <ClInclude Include="D:\Users\mpg7287\bullet3-2.83.6\src\LinearMath\btIDebugDraw.h">
      <Filter>Header Files</Filter>
    </ClInclude>
    <ClInclude Include="D:\Users\mpg7287\bullet3-2.83.6\src\LinearMath\btList.h">
      <Filter>Header Files</Filter>
    </ClInclude>
    <ClInclude Include="D:\Users\mpg7287\bullet3-2.83.6\src\LinearMath\btMatrix3x3.h">
      <Filter>Header Files</Filter>
    </ClInclude>
    <ClInclude Include="D:\Users\mpg7287\bullet3-2.83.6\src\LinearMath\btMinMax.h">
      <Filter>Header Files</Filter>
    </ClInclude>
    <ClInclude Include="D:\Users\mpg7287\bullet3-2.83.6\src\LinearMath\btMotionState.h">
      <Filter>Header Files</Filter>
    </ClInclude>
    <ClInclude Include="D:\Users\mpg7287\bullet3-2.83.6\src\LinearMath\btPolarDecomposition.h">
      <Filter>Header Files</Filter>
    </ClInclude>
    <ClInclude Include="D:\Users\mpg7287\bullet3-2.83.6\src\LinearMath\btPoolAllocator.h">
      <Filter>Header Files</Filter>
    </ClInclude>
    <ClInclude Include="D:\Users\mpg7287\bullet3-2.83.6\src\LinearMath\btQuadWord.h">
      <Filter>Header Files</Filter>
    </ClInclude>
    <ClInclude Include="D:\Users\mpg7287\bullet3-2.83.6\src\LinearMath\btQuaternion.h">
      <Filter>Header Files</Filter>
    </ClInclude>
    <ClInclude Include="D:\Users\mpg7287\bullet3-2.83.6\src\LinearMath\btQuickprof.h">
      <Filter>Header Files</Filter>
    </ClInclude>
    <ClInclude Include="D:\Users\mpg7287\bullet3-2.83.6\src\LinearMath\btRandom.h">
      <Filter>Header Files</Filter>
    </ClInclude>
    <ClInclude Include="D:\Users\mpg7287\bullet3-2.83.6\src\LinearMath\btScalar.h">
      <Filter>Header Files</Filter>
    </ClInclude>
    <ClInclude Include="D:\Users\mpg7287\bullet3-2.83.6\src\LinearMath\btSerializer.h">
      <Filter>Header Files</Filter>
    </ClInclude>
    <ClInclude Include="D:\Users\mpg7287\bullet3-2.83.6\src\LinearMath\btStackAlloc.h">
      <Filter>Header Files</Filter>
    </ClInclude>
    <ClInclude Include="D:\Users\mpg7287\bullet3-2.83.6\src\LinearMath\btTransform.h">
      <Filter>Header Files</Filter>
    </ClInclude>
    <ClInclude Include="D:\Users\mpg7287\bullet3-2.83.6\src\LinearMath\btTransformUtil.h">
      <Filter>Header Files</Filter>
    </ClInclude>
    <ClInclude Include="D:\Users\mpg7287\bullet3-2.83.6\src\LinearMath\btVector3.h">
      <Filter>Header Files</Filter>
    </ClInclude>
  </ItemGroup>
  <ItemGroup>
    <CustomBuild Include="D:\Users\mpg7287\bullet3-2.83.6\src\LinearMath\CMakeLists.txt" />
  </ItemGroup>
  <ItemGroup>
    <Filter Include="Source Files">
      <UniqueIdentifier>{E83533E5-E3E2-4B8A-8688-3E426A723C87}</UniqueIdentifier>
    </Filter>
    <Filter Include="Header Files">
      <UniqueIdentifier>{08775E60-426E-495B-AC6C-6F3C6B006AE9}</UniqueIdentifier>
    </Filter>
  </ItemGroup>
</Project>
