<?xml version="1.0" encoding="UTF-8"?>
<Project ToolsVersion="14.0" xmlns="http://schemas.microsoft.com/developer/msbuild/2003">
  <ItemGroup>
    <ClCompile Include="D:\Users\mpg7287\bullet3-2.83.6\src\Bullet3Geometry\b3ConvexHullComputer.cpp">
      <Filter>Source Files</Filter>
    </ClCompile>
    <ClCompile Include="D:\Users\mpg7287\bullet3-2.83.6\src\Bullet3Geometry\b3GeometryUtil.cpp">
      <Filter>Source Files</Filter>
    </ClCompile>
  </ItemGroup>
  <ItemGroup>
    <ClInclude Include="D:\Users\mpg7287\bullet3-2.83.6\src\Bullet3Geometry\b3AabbUtil.h">
      <Filter>Header Files</Filter>
    </ClInclude>
    <ClInclude Include="D:\Users\mpg7287\bullet3-2.83.6\src\Bullet3Geometry\b3ConvexHullComputer.h">
      <Filter>Header Files</Filter>
    </ClInclude>
    <ClInclude Include="D:\Users\mpg7287\bullet3-2.83.6\src\Bullet3Geometry\b3GeometryUtil.h">
      <Filter>Header Files</Filter>
    </ClInclude>
    <ClInclude Include="D:\Users\mpg7287\bullet3-2.83.6\src\Bullet3Geometry\b3GrahamScan2dConvexHull.h">
      <Filter>Header Files</Filter>
    </ClInclude>
  </ItemGroup>
  <ItemGroup>
    <CustomBuild Include="D:\Users\mpg7287\bullet3-2.83.6\src\Bullet3Geometry\CMakeLists.txt" />
  </ItemGroup>
  <ItemGroup>
    <Filter Include="Source Files">
      <UniqueIdentifier>{E83533E5-E3E2-4B8A-8688-3E426A723C87}</UniqueIdentifier>
    </Filter>
    <Filter Include="Header Files">
      <UniqueIdentifier>{08775E60-426E-495B-AC6C-6F3C6B006AE9}</UniqueIdentifier>
    </Filter>
  </ItemGroup>
</Project>
