<?xml version="1.0" encoding="utf-8"?>
<Project ToolsVersion="4.0" xmlns="http://schemas.microsoft.com/developer/msbuild/2003">
  <ItemGroup>
    <Filter Include="Source Files">
      <UniqueIdentifier>{4FC737F1-C7A5-4376-A066-2A32D752A2FF}</UniqueIdentifier>
      <Extensions>cpp;c;cc;cxx;def;odl;idl;hpj;bat;asm;asmx</Extensions>
    </Filter>
    <Filter Include="Header Files">
      <UniqueIdentifier>{93995380-89BD-4b04-88EB-625FBE52EBFB}</UniqueIdentifier>
      <Extensions>h;hh;hpp;hxx;hm;inl;inc;xsd</Extensions>
    </Filter>
    <Filter Include="Resource Files">
      <UniqueIdentifier>{67DA6AB6-F800-4c08-8B7A-83BB121AAD01}</UniqueIdentifier>
      <Extensions>rc;ico;cur;bmp;dlg;rc2;rct;bin;rgs;gif;jpg;jpeg;jpe;resx;tiff;tif;png;wav;mfcribbon-ms</Extensions>
    </Filter>
    <Filter Include="Assets">
      <UniqueIdentifier>{7ca8d65c-34f6-4ebf-88c5-dc6ced17875e}</UniqueIdentifier>
    </Filter>
    <Filter Include="Assets\Shaders">
      <UniqueIdentifier>{88411733-a52e-4501-ad2a-884c12b0e308}</UniqueIdentifier>
    </Filter>
    <Filter Include="Assets\Shaders\HLSL">
      <UniqueIdentifier>{a600a694-5c44-4aa6-9d27-9f1ef8a773f3}</UniqueIdentifier>
    </Filter>
    <Filter Include="Assets\Shaders\GLSL">
      <UniqueIdentifier>{be389d0b-6c84-49cf-9c53-dfc70ac50734}</UniqueIdentifier>
    </Filter>
    <Filter Include="Assets\Scenes">
      <UniqueIdentifier>{cff558d1-d8c9-4d3f-a6be-20de3ccc5015}</UniqueIdentifier>
    </Filter>
    <Filter Include="Assets\Models">
      <UniqueIdentifier>{1e7cf213-8b10-478c-a570-0e8dcc99a2c4}</UniqueIdentifier>
    </Filter>
    <Filter Include="Assets\Prefabs">
      <UniqueIdentifier>{b77d0341-fb16-4e05-b352-83a0599cbe17}</UniqueIdentifier>
    </Filter>
    <Filter Include="Assets\Scripts">
      <UniqueIdentifier>{a5c520c0-ae8c-4069-bfaa-df24fba5ed17}</UniqueIdentifier>
    </Filter>
  </ItemGroup>
  <ItemGroup>
    <ClCompile Include="..\..\source\vtest\main.cpp">
      <Filter>Source Files</Filter>
    </ClCompile>
  </ItemGroup>
  <ItemGroup>
    <None Include="..\..\assets\Scenes\scene1.scene">
      <Filter>Assets\Scenes</Filter>
    </None>
    <None Include="..\..\assets\Scenes\scenes.config">
      <Filter>Assets\Scenes</Filter>
    </None>
    <None Include="..\..\assets\Prefabs\cube.pfb">
      <Filter>Assets\Prefabs</Filter>
    </None>
    <None Include="..\..\assets\Prefabs\floor.pfb">
      <Filter>Assets\Prefabs</Filter>
    </None>
    <None Include="..\..\assets\Prefabs\rail.pfb">
      <Filter>Assets\Prefabs</Filter>
    </None>
    <None Include="..\..\assets\Prefabs\wall.pfb">
      <Filter>Assets\Prefabs</Filter>
    </None>
    <None Include="..\..\assets\Models\raptor.mdl">
      <Filter>Assets\Models</Filter>
    </None>
    <None Include="..\..\assets\Models\models.config">
      <Filter>Assets\Models</Filter>
    </None>
    <None Include="..\..\assets\Models\brace.mdl">
      <Filter>Assets\Models</Filter>
    </None>
    <None Include="..\..\assets\Models\cube.mdl">
      <Filter>Assets\Models</Filter>
    </None>
    <None Include="..\..\assets\Models\floor.mdl">
      <Filter>Assets\Models</Filter>
    </None>
    <None Include="..\..\assets\Models\minecart.mdl">
      <Filter>Assets\Models</Filter>
    </None>
    <None Include="..\..\assets\Models\rail.mdl">
      <Filter>Assets\Models</Filter>
    </None>
    <None Include="..\..\assets\Models\wall.mdl">
      <Filter>Assets\Models</Filter>
    </None>
    <None Include="vixen.env" />
    <None Include="vtest.config" />
    <None Include="..\..\assets\Scripts\camera.lua">
      <Filter>Assets\Scripts</Filter>
    </None>
    <None Include="..\..\assets\Scripts\floor.lua">
      <Filter>Assets\Scripts</Filter>
    </None>
    <None Include="..\..\assets\Scripts\move.lua">
      <Filter>Assets\Scripts</Filter>
    </None>
    <None Include="..\..\assets\Scripts\player.lua">
      <Filter>Assets\Scripts</Filter>
    </None>
    <None Include="..\..\assets\Scripts\railspawn.lua">
      <Filter>Assets\Scripts</Filter>
    </None>
    <None Include="..\..\assets\Scripts\raptor.lua">
      <Filter>Assets\Scripts</Filter>
    </None>
    <None Include="..\..\assets\Scripts\rotate.lua">
      <Filter>Assets\Scripts</Filter>
    </None>
    <None Include="..\..\assets\Scripts\setup.lua">
      <Filter>Assets\Scripts</Filter>
    </None>
    <None Include="..\..\assets\Scripts\test.lua">
      <Filter>Assets\Scripts</Filter>
    </None>
    <None Include="..\..\assets\Scripts\wallspawn.lua">
      <Filter>Assets\Scripts</Filter>
    </None>
    <None Include="..\..\assets\Prefabs\wallLeft.pfb">
      <Filter>Assets\Prefabs</Filter>
    </None>
    <None Include="..\..\assets\Prefabs\wallRight.pfb">
      <Filter>Assets\Prefabs</Filter>
    </None>
    <None Include="..\..\assets\Scripts\floorspawn.lua">
      <Filter>Assets\Scripts</Filter>
    </None>
    <None Include="..\..\assets\Prefabs\ceiling.pfb">
      <Filter>Assets\Prefabs</Filter>
    </None>
    <None Include="..\..\assets\Scripts\wall.lua">
      <Filter>Assets\Scripts</Filter>
    </None>
    <None Include="..\..\assets\Models\gem_red.mdl">
      <Filter>Assets\Models</Filter>
    </None>
    <None Include="..\..\assets\Prefabs\gem_red.pfb">
      <Filter>Assets\Prefabs</Filter>
    </None>
    <None Include="..\..\assets\Scripts\gemspawner.lua">
      <Filter>Assets\Scripts</Filter>
    </None>
    <None Include="..\..\assets\Scripts\gem.lua">
      <Filter>Assets\Scripts</Filter>
    </None>
  </ItemGroup>
  <ItemGroup>
    <FxCompile Include="..\..\assets\Shaders\DirectX\Model_Textured_PS.hlsl">
      <Filter>Assets\Shaders\HLSL</Filter>
    </FxCompile>
    <FxCompile Include="..\..\assets\Shaders\DirectX\Model_Untextured_PS.hlsl">
      <Filter>Assets\Shaders\HLSL</Filter>
    </FxCompile>
    <FxCompile Include="..\..\assets\Shaders\DirectX\Model_Untextured_VS.hlsl">
      <Filter>Assets\Shaders\HLSL</Filter>
    </FxCompile>
    <FxCompile Include="..\..\assets\Shaders\DirectX\Model_VS.hlsl">
      <Filter>Assets\Shaders\HLSL</Filter>
    </FxCompile>
    <FxCompile Include="..\..\assets\Shaders\DirectX\SpriteBatch_PS.hlsl">
      <Filter>Assets\Shaders\HLSL</Filter>
    </FxCompile>
    <FxCompile Include="..\..\assets\Shaders\DirectX\SpriteBatch_VS.hlsl">
      <Filter>Assets\Shaders\HLSL</Filter>
    </FxCompile>
  </ItemGroup>
</Project>