<?xml version="1.0" encoding="utf-8"?>
<Project ToolsVersion="4.0" xmlns="http://schemas.microsoft.com/developer/msbuild/2003">
  <ItemGroup>
    <Filter Include="Source Files">
      <UniqueIdentifier>{4FC737F1-C7A5-4376-A066-2A32D752A2FF}</UniqueIdentifier>
      <Extensions>cpp;c;cc;cxx;def;odl;idl;hpj;bat;asm;asmx</Extensions>
    </Filter>
    <Filter Include="Header Files">
      <UniqueIdentifier>{93995380-89BD-4b04-88EB-625FBE52EBFB}</UniqueIdentifier>
      <Extensions>h;hh;hpp;hxx;hm;inl;inc;xsd</Extensions>
    </Filter>
    <Filter Include="Resource Files">
      <UniqueIdentifier>{67DA6AB6-F800-4c08-8B7A-83BB121AAD01}</UniqueIdentifier>
      <Extensions>rc;ico;cur;bmp;dlg;rc2;rct;bin;rgs;gif;jpg;jpeg;jpe;resx;tiff;tif;png;wav;mfcribbon-ms</Extensions>
    </Filter>
    <Filter Include="Header Files\directx">
      <UniqueIdentifier>{5e8839b8-6e7f-40d6-b58e-fefd87be2d6c}</UniqueIdentifier>
    </Filter>
    <Filter Include="Source Files\directx">
      <UniqueIdentifier>{aaad345c-9129-4b29-a4ec-73651a52e8ea}</UniqueIdentifier>
    </Filter>
    <Filter Include="Header Files\opengl">
      <UniqueIdentifier>{f4566ae2-8778-473b-bba9-502c6d5c03dd}</UniqueIdentifier>
    </Filter>
  </ItemGroup>
  <ItemGroup>
    <ClInclude Include="..\..\include\vgraphics\directx\vix_directx.h">
      <Filter>Header Files\directx</Filter>
    </ClInclude>
    <ClInclude Include="..\..\include\vgraphics\directx\vix_dxcamera2d.h">
      <Filter>Header Files\directx</Filter>
    </ClInclude>
    <ClInclude Include="..\..\include\vgraphics\directx\vix_dxcamera3d.h">
      <Filter>Header Files\directx</Filter>
    </ClInclude>
    <ClInclude Include="..\..\include\vgraphics\directx\vix_dxprimitivecube.h">
      <Filter>Header Files\directx</Filter>
    </ClInclude>
    <ClInclude Include="..\..\include\vgraphics\directx\vix_dxrenderer.h">
      <Filter>Header Files\directx</Filter>
    </ClInclude>
    <ClInclude Include="..\..\include\vgraphics\directx\vix_dxtexture.h">
      <Filter>Header Files\directx</Filter>
    </ClInclude>
    <ClInclude Include="..\..\include\vgraphics\vix_color.h">
      <Filter>Header Files</Filter>
    </ClInclude>
    <ClInclude Include="..\..\include\vgraphics\vix_freeimage.h">
      <Filter>Header Files</Filter>
    </ClInclude>
    <ClInclude Include="..\..\include\vgraphics\vix_renderer.h">
      <Filter>Header Files</Filter>
    </ClInclude>
    <ClInclude Include="..\..\include\vgraphics\vix_shader.h">
      <Filter>Header Files</Filter>
    </ClInclude>
    <ClInclude Include="..\..\include\vgraphics\vix_shaderprogram.h">
      <Filter>Header Files</Filter>
    </ClInclude>
    <ClInclude Include="..\..\include\vgraphics\vix_texture.h">
      <Filter>Header Files</Filter>
    </ClInclude>
    <ClInclude Include="..\..\include\vgraphics\vix_rectangle.h">
      <Filter>Header Files</Filter>
    </ClInclude>
    <ClInclude Include="..\..\include\vgraphics\vix_transform.h">
      <Filter>Header Files</Filter>
    </ClInclude>
    <ClInclude Include="..\..\include\vgraphics\vix_vector3.h">
      <Filter>Header Files</Filter>
    </ClInclude>
    <ClInclude Include="..\..\include\vgraphics\vix_vector2.h">
      <Filter>Header Files</Filter>
    </ClInclude>
    <ClInclude Include="..\..\include\vgraphics\vix_math.h">
      <Filter>Header Files</Filter>
    </ClInclude>
    <ClInclude Include="..\..\include\vgraphics\directx\vix_dxspritebatcher.h">
      <Filter>Header Files\directx</Filter>
    </ClInclude>
    <ClInclude Include="..\..\include\vgraphics\opengl\vix_gltexturebatcher.h">
      <Filter>Header Files\opengl</Filter>
    </ClInclude>
    <ClInclude Include="..\..\include\vgraphics\vix_spritebatcher.h">
      <Filter>Header Files</Filter>
    </ClInclude>
    <ClInclude Include="..\..\include\vgraphics\vix_resourceloader.h">
      <Filter>Header Files</Filter>
    </ClInclude>
    <ClInclude Include="..\..\include\vgraphics\directx\vix_dxresourceloader.h">
      <Filter>Header Files\directx</Filter>
    </ClInclude>
    <ClInclude Include="..\..\include\vgraphics\directx\vix_dxshader.h">
      <Filter>Header Files\directx</Filter>
    </ClInclude>
    <ClInclude Include="..\..\include\vgraphics\directx\vix_dxvertexshader.h">
      <Filter>Header Files\directx</Filter>
    </ClInclude>
    <ClInclude Include="..\..\include\vgraphics\directx\vix_dxpixelshader.h">
      <Filter>Header Files\directx</Filter>
    </ClInclude>
    <ClInclude Include="..\..\include\vgraphics\vix_vertexbuffer.h">
      <Filter>Header Files</Filter>
    </ClInclude>
    <ClInclude Include="..\..\include\vgraphics\opengl\vix_glbuffers.h">
      <Filter>Header Files\opengl</Filter>
    </ClInclude>
    <ClInclude Include="..\..\include\vgraphics\directx\vix_dxvertexbuffer.h">
      <Filter>Header Files\directx</Filter>
    </ClInclude>
    <ClInclude Include="..\..\include\vgraphics\vix_indexbuffer.h">
      <Filter>Header Files</Filter>
    </ClInclude>
    <ClInclude Include="..\..\include\vgraphics\directx\vix_dxindexbuffer.h">
      <Filter>Header Files\directx</Filter>
    </ClInclude>
    <ClInclude Include="..\..\include\vgraphics\unused\vix_mesh.h">
      <Filter>Header Files\opengl</Filter>
    </ClInclude>
    <ClInclude Include="..\..\include\vgraphics\unused\vix_model.h">
      <Filter>Header Files\opengl</Filter>
    </ClInclude>
    <ClInclude Include="..\..\include\vgraphics\vix_model.h">
      <Filter>Header Files</Filter>
    </ClInclude>
    <ClInclude Include="..\..\include\vgraphics\directx\vix_dxmodel.h">
      <Filter>Header Files\directx</Filter>
    </ClInclude>
    <ClInclude Include="..\..\include\vgraphics\vix_assimp.h">
      <Filter>Header Files</Filter>
    </ClInclude>
    <ClInclude Include="..\..\include\vgraphics\vix_camera2d.h">
      <Filter>Header Files</Filter>
    </ClInclude>
    <ClInclude Include="..\..\include\vgraphics\directx\vix_dxmaterial.h">
      <Filter>Header Files\directx</Filter>
    </ClInclude>
    <ClInclude Include="..\..\include\vgraphics\directx\vix_dxmathfunctions.h">
      <Filter>Header Files\directx</Filter>
    </ClInclude>
    <ClInclude Include="..\..\include\vgraphics\vix_bmfont.h">
      <Filter>Header Files</Filter>
    </ClInclude>
    <ClInclude Include="..\..\include\vgraphics\vix_camera.h">
      <Filter>Header Files</Filter>
    </ClInclude>
    <ClInclude Include="..\..\include\vgraphics\vix_camera3d.h">
      <Filter>Header Files</Filter>
    </ClInclude>
    <ClInclude Include="..\..\include\vgraphics\vix_font.h">
      <Filter>Header Files</Filter>
    </ClInclude>
    <ClInclude Include="..\..\include\vgraphics\vix_material.h">
      <Filter>Header Files</Filter>
    </ClInclude>
    <ClInclude Include="..\..\include\vgraphics\vix_mathfunctions.h">
      <Filter>Header Files</Filter>
    </ClInclude>
    <ClInclude Include="..\..\include\vgraphics\vix_resourcemanager.h">
      <Filter>Header Files</Filter>
    </ClInclude>
    <ClInclude Include="..\..\include\vgraphics\vix_light.h">
      <Filter>Header Files</Filter>
    </ClInclude>
  </ItemGroup>
  <ItemGroup>
    <ClCompile Include="..\..\source\vgraphics\directx\vix_dxcamera2d.cpp">
      <Filter>Source Files\directx</Filter>
    </ClCompile>
    <ClCompile Include="..\..\source\vgraphics\directx\vix_dxcamera3d.cpp">
      <Filter>Source Files\directx</Filter>
    </ClCompile>
    <ClCompile Include="..\..\source\vgraphics\directx\vix_dxrenderer.cpp">
      <Filter>Source Files\directx</Filter>
    </ClCompile>
    <ClCompile Include="..\..\source\vgraphics\directx\vix_dxtexture.cpp">
      <Filter>Source Files\directx</Filter>
    </ClCompile>
    <ClCompile Include="..\..\source\vgraphics\vix_freeimage.cpp">
      <Filter>Source Files</Filter>
    </ClCompile>
    <ClCompile Include="..\..\source\vgraphics\vix_rectangle.cpp">
      <Filter>Source Files</Filter>
    </ClCompile>
    <ClCompile Include="..\..\source\vgraphics\vix_vector2.cpp">
      <Filter>Source Files</Filter>
    </ClCompile>
    <ClCompile Include="..\..\source\vgraphics\vix_vector3.cpp">
      <Filter>Source Files</Filter>
    </ClCompile>
    <ClCompile Include="..\..\source\vgraphics\vix_math.cpp">
      <Filter>Source Files</Filter>
    </ClCompile>
    <ClCompile Include="..\..\source\vgraphics\directx\vix_dxspritebatcher.cpp">
      <Filter>Source Files\directx</Filter>
    </ClCompile>
    <ClCompile Include="..\..\source\vgraphics\directx\vix_dxresourceloader.cpp">
      <Filter>Source Files\directx</Filter>
    </ClCompile>
    <ClCompile Include="..\..\source\vgraphics\directx\vix_dxshader.cpp">
      <Filter>Source Files\directx</Filter>
    </ClCompile>
    <ClCompile Include="..\..\source\vgraphics\directx\vix_dxvertexshader.cpp">
      <Filter>Source Files\directx</Filter>
    </ClCompile>
    <ClCompile Include="..\..\source\vgraphics\directx\vix_dxpixelshader.cpp">
      <Filter>Source Files\directx</Filter>
    </ClCompile>
    <ClCompile Include="..\..\source\vgraphics\directx\vix_dxvertexbuffer.cpp">
      <Filter>Source Files\directx</Filter>
    </ClCompile>
    <ClCompile Include="..\..\source\vgraphics\directx\vix_dxindexbuffer.cpp">
      <Filter>Source Files\directx</Filter>
    </ClCompile>
    <ClCompile Include="..\..\source\vgraphics\directx\vix_dxmodel.cpp">
      <Filter>Source Files\directx</Filter>
    </ClCompile>
    <ClCompile Include="..\..\source\vgraphics\vix_assimp.cpp">
      <Filter>Source Files</Filter>
    </ClCompile>
    <ClCompile Include="..\..\source\vgraphics\directx\vix_dxmaterial.cpp">
      <Filter>Source Files\directx</Filter>
    </ClCompile>
    <ClCompile Include="..\..\source\vgraphics\directx\vix_dxmathfunctions.cpp">
      <Filter>Source Files\directx</Filter>
    </ClCompile>
    <ClCompile Include="..\..\source\vgraphics\vix_bmfont.cpp">
      <Filter>Source Files</Filter>
    </ClCompile>
    <ClCompile Include="..\..\source\vgraphics\vix_mathfunctions.cpp">
      <Filter>Source Files</Filter>
    </ClCompile>
    <ClCompile Include="..\..\source\vgraphics\vix_resourcemanager.cpp">
      <Filter>Source Files</Filter>
    </ClCompile>
  </ItemGroup>
</Project>